
Microsoft Visual Studio Solution File, Format Version 12.00
# Visual Studio Version 17
VisualStudioVersion = 17.10.35027.167
MinimumVisualStudioVersion = 10.0.40219.1
Project("{FAE04EC0-301F-11D3-BF4B-00C04F79EFBC}") = "MasterFloor", "MasterFloor\MasterFloor.csproj", "{AE6C21B0-B41B-4D8F-AAD9-D0EBD9B528AE}"
EndProject
Global
	GlobalSection(SolutionConfigurationPlatforms) = preSolution
		Debug|Any CPU = Debug|Any CPU
		Release|Any CPU = Release|Any CPU
	EndGlobalSection
	GlobalSection(ProjectConfigurationPlatforms) = postSolution
		{AE6C21B0-B41B-4D8F-AAD9-D0EBD9B528AE}.Debug|Any CPU.ActiveCfg = Debug|Any CPU
		{AE6C21B0-B41B-4D8F-AAD9-D0EBD9B528AE}.Debug|Any CPU.Build.0 = Debug|Any CPU
		{AE6C21B0-B41B-4D8F-AAD9-D0EBD9B528AE}.Release|Any CPU.ActiveCfg = Release|Any CPU
		{AE6C21B0-B41B-4D8F-AAD9-D0EBD9B528AE}.Release|Any CPU.Build.0 = Release|Any CPU
	EndGlobalSection
	GlobalSection(SolutionProperties) = preSolution
		HideSolutionNode = FALSE
	EndGlobalSection
	GlobalSection(ExtensibilityGlobals) = postSolution
		SolutionGuid = {569764AB-71B2-44C4-9B6E-84DD0A1549ED}
	EndGlobalSection
EndGlobal
